// !$*UTF8*$!
{
	archiveVersion = 1;
	classes = {
	};
	objectVersion = 55;
	objects = {

/* Begin PBXBuildFile section */
		1A06D58D27BA30B100873C51 /* AppDelegate.swift in Sources */ = {isa = PBXBuildFile; fileRef = 1A06D58C27BA30B100873C51 /* AppDelegate.swift */; };
		1A06D58F27BA30B100873C51 /* SceneDelegate.swift in Sources */ = {isa = PBXBuildFile; fileRef = 1A06D58E27BA30B100873C51 /* SceneDelegate.swift */; };
		1A06D59727BA30B100873C51 /* InnocvTestApp.xcdatamodeld in Sources */ = {isa = PBXBuildFile; fileRef = 1A06D59527BA30B100873C51 /* InnocvTestApp.xcdatamodeld */; };
		1A06D59927BA30B500873C51 /* Assets.xcassets in Resources */ = {isa = PBXBuildFile; fileRef = 1A06D59827BA30B500873C51 /* Assets.xcassets */; };
		1A06D59C27BA30B500873C51 /* LaunchScreen.storyboard in Resources */ = {isa = PBXBuildFile; fileRef = 1A06D59A27BA30B500873C51 /* LaunchScreen.storyboard */; };
		1A06D5A627BA338D00873C51 /* Home.storyboard in Resources */ = {isa = PBXBuildFile; fileRef = 1A06D5A527BA338D00873C51 /* Home.storyboard */; };
		1A06D5A827BA339E00873C51 /* HomeViewController.swift in Sources */ = {isa = PBXBuildFile; fileRef = 1A06D5A727BA339E00873C51 /* HomeViewController.swift */; };
		1A06D5AD27BA34EF00873C51 /* R.swift in Sources */ = {isa = PBXBuildFile; fileRef = 1A06D5AC27BA34EF00873C51 /* R.swift */; };
		1A06D5B127BA3C5200873C51 /* Localizable.strings in Resources */ = {isa = PBXBuildFile; fileRef = 1A06D5B327BA3C5200873C51 /* Localizable.strings */; };
		1A06D5B727BA3D2600873C51 /* Strings.swift in Sources */ = {isa = PBXBuildFile; fileRef = 1A06D5B627BA3D2600873C51 /* Strings.swift */; };
		1A06D5BA27BA403A00873C51 /* ApiProvider.swift in Sources */ = {isa = PBXBuildFile; fileRef = 1A06D5B927BA403A00873C51 /* ApiProvider.swift */; };
		1A06D5BD27BA406200873C51 /* Requests.swift in Sources */ = {isa = PBXBuildFile; fileRef = 1A06D5BC27BA406200873C51 /* Requests.swift */; };
		1A06D5BF27BA40D100873C51 /* UserProvider.swift in Sources */ = {isa = PBXBuildFile; fileRef = 1A06D5BE27BA40D100873C51 /* UserProvider.swift */; };
		1A06D5C127BA41DF00873C51 /* URLs.swift in Sources */ = {isa = PBXBuildFile; fileRef = 1A06D5C027BA41DF00873C51 /* URLs.swift */; };
		1A06D5C327BA423200873C51 /* Constants.swift in Sources */ = {isa = PBXBuildFile; fileRef = 1A06D5C227BA423200873C51 /* Constants.swift */; };
		1A06D5C627BA439F00873C51 /* UserEntity.swift in Sources */ = {isa = PBXBuildFile; fileRef = 1A06D5C527BA439F00873C51 /* UserEntity.swift */; };
		1A06D5C927BA44BA00873C51 /* UserResponse.swift in Sources */ = {isa = PBXBuildFile; fileRef = 1A06D5C827BA44BA00873C51 /* UserResponse.swift */; };
		1A06D5CC27BA48AD00873C51 /* String.swift in Sources */ = {isa = PBXBuildFile; fileRef = 1A06D5CB27BA48AD00873C51 /* String.swift */; };
		1A06D5CE27BA48D000873C51 /* Date.swift in Sources */ = {isa = PBXBuildFile; fileRef = 1A06D5CD27BA48D000873C51 /* Date.swift */; };
		1A06D5D027BA48F900873C51 /* Formatter.swift in Sources */ = {isa = PBXBuildFile; fileRef = 1A06D5CF27BA48F900873C51 /* Formatter.swift */; };
		1A06D5D227BA491C00873C51 /* DateFormatter.swift in Sources */ = {isa = PBXBuildFile; fileRef = 1A06D5D127BA491C00873C51 /* DateFormatter.swift */; };
		1A06D5D427BA4CE700873C51 /* Alerts.swift in Sources */ = {isa = PBXBuildFile; fileRef = 1A06D5D327BA4CE700873C51 /* Alerts.swift */; };
		1A06D5D627BA4F3A00873C51 /* ViewControllers.swift in Sources */ = {isa = PBXBuildFile; fileRef = 1A06D5D527BA4F3A00873C51 /* ViewControllers.swift */; };
		1A06D5D827BA4F7D00873C51 /* Storyboards.swift in Sources */ = {isa = PBXBuildFile; fileRef = 1A06D5D727BA4F7D00873C51 /* Storyboards.swift */; };
		1A06D5DA27BA502000873C51 /* UIViewController.swift in Sources */ = {isa = PBXBuildFile; fileRef = 1A06D5D927BA502000873C51 /* UIViewController.swift */; };
		1A06D5DE27BB8B8C00873C51 /* CRUDAlert.xib in Resources */ = {isa = PBXBuildFile; fileRef = 1A06D5DD27BB8B8C00873C51 /* CRUDAlert.xib */; };
		1A06D5E027BB8BB700873C51 /* CRUDAlert.swift in Sources */ = {isa = PBXBuildFile; fileRef = 1A06D5DF27BB8BB700873C51 /* CRUDAlert.swift */; };
		1A06D5E227BB8E3000873C51 /* Colors.xcassets in Resources */ = {isa = PBXBuildFile; fileRef = 1A06D5E127BB8E3000873C51 /* Colors.xcassets */; };
		1A06D5E427BB8E6000873C51 /* UIColor.swift in Sources */ = {isa = PBXBuildFile; fileRef = 1A06D5E327BB8E6000873C51 /* UIColor.swift */; };
		1A06D5E627BB8E8A00873C51 /* Colors.swift in Sources */ = {isa = PBXBuildFile; fileRef = 1A06D5E527BB8E8A00873C51 /* Colors.swift */; };
		1A06D5E827BB977100873C51 /* UIApplication.swift in Sources */ = {isa = PBXBuildFile; fileRef = 1A06D5E727BB977100873C51 /* UIApplication.swift */; };
		1A06D5EA27BBA20400873C51 /* Keyboards.swift in Sources */ = {isa = PBXBuildFile; fileRef = 1A06D5E927BBA20400873C51 /* Keyboards.swift */; };
		967843A0083626D76F5D869A /* Pods_InnocvTestApp.framework in Frameworks */ = {isa = PBXBuildFile; fileRef = B177BC0451A405EECD819774 /* Pods_InnocvTestApp.framework */; };
/* End PBXBuildFile section */

/* Begin PBXFileReference section */
		1A06D58927BA30B100873C51 /* InnocvTestApp.app */ = {isa = PBXFileReference; explicitFileType = wrapper.application; includeInIndex = 0; path = InnocvTestApp.app; sourceTree = BUILT_PRODUCTS_DIR; };
		1A06D58C27BA30B100873C51 /* AppDelegate.swift */ = {isa = PBXFileReference; lastKnownFileType = sourcecode.swift; path = AppDelegate.swift; sourceTree = "<group>"; };
		1A06D58E27BA30B100873C51 /* SceneDelegate.swift */ = {isa = PBXFileReference; lastKnownFileType = sourcecode.swift; path = SceneDelegate.swift; sourceTree = "<group>"; };
		1A06D59627BA30B100873C51 /* InnocvTestApp.xcdatamodel */ = {isa = PBXFileReference; lastKnownFileType = wrapper.xcdatamodel; path = InnocvTestApp.xcdatamodel; sourceTree = "<group>"; };
		1A06D59827BA30B500873C51 /* Assets.xcassets */ = {isa = PBXFileReference; lastKnownFileType = folder.assetcatalog; path = Assets.xcassets; sourceTree = "<group>"; };
		1A06D59B27BA30B500873C51 /* Base */ = {isa = PBXFileReference; lastKnownFileType = file.storyboard; name = Base; path = Base.lproj/LaunchScreen.storyboard; sourceTree = "<group>"; };
		1A06D59D27BA30B500873C51 /* Info.plist */ = {isa = PBXFileReference; lastKnownFileType = text.plist.xml; path = Info.plist; sourceTree = "<group>"; };
		1A06D5A527BA338D00873C51 /* Home.storyboard */ = {isa = PBXFileReference; lastKnownFileType = file.storyboard; path = Home.storyboard; sourceTree = "<group>"; };
		1A06D5A727BA339E00873C51 /* HomeViewController.swift */ = {isa = PBXFileReference; lastKnownFileType = sourcecode.swift; path = HomeViewController.swift; sourceTree = "<group>"; };
		1A06D5AC27BA34EF00873C51 /* R.swift */ = {isa = PBXFileReference; lastKnownFileType = sourcecode.swift; path = R.swift; sourceTree = "<group>"; };
		1A06D5B227BA3C5200873C51 /* en */ = {isa = PBXFileReference; lastKnownFileType = text.plist.strings; name = en; path = en.lproj/Localizable.strings; sourceTree = "<group>"; };
		1A06D5B427BA3C6300873C51 /* es */ = {isa = PBXFileReference; lastKnownFileType = text.plist.strings; name = es; path = es.lproj/Localizable.strings; sourceTree = "<group>"; };
		1A06D5B627BA3D2600873C51 /* Strings.swift */ = {isa = PBXFileReference; lastKnownFileType = sourcecode.swift; path = Strings.swift; sourceTree = "<group>"; };
		1A06D5B927BA403A00873C51 /* ApiProvider.swift */ = {isa = PBXFileReference; lastKnownFileType = sourcecode.swift; path = ApiProvider.swift; sourceTree = "<group>"; };
		1A06D5BC27BA406200873C51 /* Requests.swift */ = {isa = PBXFileReference; lastKnownFileType = sourcecode.swift; path = Requests.swift; sourceTree = "<group>"; };
		1A06D5BE27BA40D100873C51 /* UserProvider.swift */ = {isa = PBXFileReference; lastKnownFileType = sourcecode.swift; path = UserProvider.swift; sourceTree = "<group>"; };
		1A06D5C027BA41DF00873C51 /* URLs.swift */ = {isa = PBXFileReference; lastKnownFileType = sourcecode.swift; path = URLs.swift; sourceTree = "<group>"; };
		1A06D5C227BA423200873C51 /* Constants.swift */ = {isa = PBXFileReference; lastKnownFileType = sourcecode.swift; path = Constants.swift; sourceTree = "<group>"; };
		1A06D5C527BA439F00873C51 /* UserEntity.swift */ = {isa = PBXFileReference; lastKnownFileType = sourcecode.swift; path = UserEntity.swift; sourceTree = "<group>"; };
		1A06D5C827BA44BA00873C51 /* UserResponse.swift */ = {isa = PBXFileReference; lastKnownFileType = sourcecode.swift; path = UserResponse.swift; sourceTree = "<group>"; };
		1A06D5CB27BA48AD00873C51 /* String.swift */ = {isa = PBXFileReference; lastKnownFileType = sourcecode.swift; path = String.swift; sourceTree = "<group>"; };
		1A06D5CD27BA48D000873C51 /* Date.swift */ = {isa = PBXFileReference; lastKnownFileType = sourcecode.swift; path = Date.swift; sourceTree = "<group>"; };
		1A06D5CF27BA48F900873C51 /* Formatter.swift */ = {isa = PBXFileReference; lastKnownFileType = sourcecode.swift; path = Formatter.swift; sourceTree = "<group>"; };
		1A06D5D127BA491C00873C51 /* DateFormatter.swift */ = {isa = PBXFileReference; lastKnownFileType = sourcecode.swift; path = DateFormatter.swift; sourceTree = "<group>"; };
		1A06D5D327BA4CE700873C51 /* Alerts.swift */ = {isa = PBXFileReference; lastKnownFileType = sourcecode.swift; path = Alerts.swift; sourceTree = "<group>"; };
		1A06D5D527BA4F3A00873C51 /* ViewControllers.swift */ = {isa = PBXFileReference; lastKnownFileType = sourcecode.swift; path = ViewControllers.swift; sourceTree = "<group>"; };
		1A06D5D727BA4F7D00873C51 /* Storyboards.swift */ = {isa = PBXFileReference; lastKnownFileType = sourcecode.swift; path = Storyboards.swift; sourceTree = "<group>"; };
		1A06D5D927BA502000873C51 /* UIViewController.swift */ = {isa = PBXFileReference; lastKnownFileType = sourcecode.swift; path = UIViewController.swift; sourceTree = "<group>"; };
		1A06D5DD27BB8B8C00873C51 /* CRUDAlert.xib */ = {isa = PBXFileReference; lastKnownFileType = file.xib; path = CRUDAlert.xib; sourceTree = "<group>"; };
		1A06D5DF27BB8BB700873C51 /* CRUDAlert.swift */ = {isa = PBXFileReference; lastKnownFileType = sourcecode.swift; path = CRUDAlert.swift; sourceTree = "<group>"; };
		1A06D5E127BB8E3000873C51 /* Colors.xcassets */ = {isa = PBXFileReference; lastKnownFileType = folder.assetcatalog; path = Colors.xcassets; sourceTree = "<group>"; };
		1A06D5E327BB8E6000873C51 /* UIColor.swift */ = {isa = PBXFileReference; lastKnownFileType = sourcecode.swift; path = UIColor.swift; sourceTree = "<group>"; };
		1A06D5E527BB8E8A00873C51 /* Colors.swift */ = {isa = PBXFileReference; lastKnownFileType = sourcecode.swift; path = Colors.swift; sourceTree = "<group>"; };
		1A06D5E727BB977100873C51 /* UIApplication.swift */ = {isa = PBXFileReference; lastKnownFileType = sourcecode.swift; path = UIApplication.swift; sourceTree = "<group>"; };
		1A06D5E927BBA20400873C51 /* Keyboards.swift */ = {isa = PBXFileReference; lastKnownFileType = sourcecode.swift; path = Keyboards.swift; sourceTree = "<group>"; };
		440BB5346B9A0CC4B00E3891 /* Pods-InnocvTestApp.release.xcconfig */ = {isa = PBXFileReference; includeInIndex = 1; lastKnownFileType = text.xcconfig; name = "Pods-InnocvTestApp.release.xcconfig"; path = "Target Support Files/Pods-InnocvTestApp/Pods-InnocvTestApp.release.xcconfig"; sourceTree = "<group>"; };
		B177BC0451A405EECD819774 /* Pods_InnocvTestApp.framework */ = {isa = PBXFileReference; explicitFileType = wrapper.framework; includeInIndex = 0; path = Pods_InnocvTestApp.framework; sourceTree = BUILT_PRODUCTS_DIR; };
		FAE23832999F46FC0BBDC641 /* Pods-InnocvTestApp.debug.xcconfig */ = {isa = PBXFileReference; includeInIndex = 1; lastKnownFileType = text.xcconfig; name = "Pods-InnocvTestApp.debug.xcconfig"; path = "Target Support Files/Pods-InnocvTestApp/Pods-InnocvTestApp.debug.xcconfig"; sourceTree = "<group>"; };
/* End PBXFileReference section */

/* Begin PBXFrameworksBuildPhase section */
		1A06D58627BA30B100873C51 /* Frameworks */ = {
			isa = PBXFrameworksBuildPhase;
			buildActionMask = 2147483647;
			files = (
				967843A0083626D76F5D869A /* Pods_InnocvTestApp.framework in Frameworks */,
			);
			runOnlyForDeploymentPostprocessing = 0;
		};
/* End PBXFrameworksBuildPhase section */

/* Begin PBXGroup section */
		1A06D58027BA30B100873C51 = {
			isa = PBXGroup;
			children = (
				1A06D58B27BA30B100873C51 /* InnocvTestApp */,
				1A06D58A27BA30B100873C51 /* Products */,
				F32979C324D9F19AB4A2A5EE /* Pods */,
				D64C0944BC6DB33F0CC5F59C /* Frameworks */,
			);
			sourceTree = "<group>";
		};
		1A06D58A27BA30B100873C51 /* Products */ = {
			isa = PBXGroup;
			children = (
				1A06D58927BA30B100873C51 /* InnocvTestApp.app */,
			);
			name = Products;
			sourceTree = "<group>";
		};
		1A06D58B27BA30B100873C51 /* InnocvTestApp */ = {
			isa = PBXGroup;
			children = (
				1A06D5AE27BA3C3700873C51 /* Languages */,
				1A06D5B827BA402900873C51 /* Providers */,
				1A06D5DB27BB8B4600873C51 /* Designs */,
				1A06D5C427BA438700873C51 /* Entities */,
				1A06D5A427BA333800873C51 /* Scenes */,
				1A06D5A327BA332F00873C51 /* Views */,
				1A06D5CA27BA489200873C51 /* Extensions */,
				1A06D5AA27BA34D100873C51 /* Resources */,
				1A06D5C227BA423200873C51 /* Constants.swift */,
				1A06D58C27BA30B100873C51 /* AppDelegate.swift */,
				1A06D58E27BA30B100873C51 /* SceneDelegate.swift */,
				1A06D59827BA30B500873C51 /* Assets.xcassets */,
				1A06D5E127BB8E3000873C51 /* Colors.xcassets */,
				1A06D59A27BA30B500873C51 /* LaunchScreen.storyboard */,
				1A06D59D27BA30B500873C51 /* Info.plist */,
				1A06D59527BA30B100873C51 /* InnocvTestApp.xcdatamodeld */,
			);
			path = InnocvTestApp;
			sourceTree = "<group>";
		};
		1A06D5A327BA332F00873C51 /* Views */ = {
			isa = PBXGroup;
			children = (
				1A06D5A527BA338D00873C51 /* Home.storyboard */,
			);
			path = Views;
			sourceTree = "<group>";
		};
		1A06D5A427BA333800873C51 /* Scenes */ = {
			isa = PBXGroup;
			children = (
				1A06D5A727BA339E00873C51 /* HomeViewController.swift */,
			);
			path = Scenes;
			sourceTree = "<group>";
		};
		1A06D5AA27BA34D100873C51 /* Resources */ = {
			isa = PBXGroup;
			children = (
				1A06D5AC27BA34EF00873C51 /* R.swift */,
				1A06D5BB27BA404F00873C51 /* Basics */,
				1A06D5B527BA3D1800873C51 /* Types */,
			);
			path = Resources;
			sourceTree = "<group>";
		};
		1A06D5AE27BA3C3700873C51 /* Languages */ = {
			isa = PBXGroup;
			children = (
				1A06D5B327BA3C5200873C51 /* Localizable.strings */,
			);
			path = Languages;
			sourceTree = "<group>";
		};
		1A06D5B527BA3D1800873C51 /* Types */ = {
			isa = PBXGroup;
			children = (
				1A06D5B627BA3D2600873C51 /* Strings.swift */,
				1A06D5E527BB8E8A00873C51 /* Colors.swift */,
			);
			path = Types;
			sourceTree = "<group>";
		};
		1A06D5B827BA402900873C51 /* Providers */ = {
			isa = PBXGroup;
			children = (
				1A06D5B927BA403A00873C51 /* ApiProvider.swift */,
				1A06D5BE27BA40D100873C51 /* UserProvider.swift */,
			);
			path = Providers;
			sourceTree = "<group>";
		};
		1A06D5BB27BA404F00873C51 /* Basics */ = {
			isa = PBXGroup;
			children = (
				1A06D5D727BA4F7D00873C51 /* Storyboards.swift */,
				1A06D5D527BA4F3A00873C51 /* ViewControllers.swift */,
				1A06D5BC27BA406200873C51 /* Requests.swift */,
				1A06D5C027BA41DF00873C51 /* URLs.swift */,
				1A06D5D327BA4CE700873C51 /* Alerts.swift */,
				1A06D5E927BBA20400873C51 /* Keyboards.swift */,
			);
			path = Basics;
			sourceTree = "<group>";
		};
		1A06D5C427BA438700873C51 /* Entities */ = {
			isa = PBXGroup;
			children = (
				1A06D5C727BA44A500873C51 /* User */,
			);
			path = Entities;
			sourceTree = "<group>";
		};
		1A06D5C727BA44A500873C51 /* User */ = {
			isa = PBXGroup;
			children = (
				1A06D5C827BA44BA00873C51 /* UserResponse.swift */,
				1A06D5C527BA439F00873C51 /* UserEntity.swift */,
			);
			path = User;
			sourceTree = "<group>";
		};
		1A06D5CA27BA489200873C51 /* Extensions */ = {
			isa = PBXGroup;
			children = (
				1A06D5CB27BA48AD00873C51 /* String.swift */,
				1A06D5CD27BA48D000873C51 /* Date.swift */,
				1A06D5CF27BA48F900873C51 /* Formatter.swift */,
				1A06D5D127BA491C00873C51 /* DateFormatter.swift */,
				1A06D5D927BA502000873C51 /* UIViewController.swift */,
				1A06D5E327BB8E6000873C51 /* UIColor.swift */,
				1A06D5E727BB977100873C51 /* UIApplication.swift */,
			);
			path = Extensions;
			sourceTree = "<group>";
		};
		1A06D5DB27BB8B4600873C51 /* Designs */ = {
			isa = PBXGroup;
			children = (
				1A06D5DC27BB8B5900873C51 /* CRUDAlert */,
			);
			path = Designs;
			sourceTree = "<group>";
		};
		1A06D5DC27BB8B5900873C51 /* CRUDAlert */ = {
			isa = PBXGroup;
			children = (
				1A06D5DD27BB8B8C00873C51 /* CRUDAlert.xib */,
				1A06D5DF27BB8BB700873C51 /* CRUDAlert.swift */,
			);
			path = CRUDAlert;
			sourceTree = "<group>";
		};
		D64C0944BC6DB33F0CC5F59C /* Frameworks */ = {
			isa = PBXGroup;
			children = (
				B177BC0451A405EECD819774 /* Pods_InnocvTestApp.framework */,
			);
			name = Frameworks;
			sourceTree = "<group>";
		};
		F32979C324D9F19AB4A2A5EE /* Pods */ = {
			isa = PBXGroup;
			children = (
				FAE23832999F46FC0BBDC641 /* Pods-InnocvTestApp.debug.xcconfig */,
				440BB5346B9A0CC4B00E3891 /* Pods-InnocvTestApp.release.xcconfig */,
			);
			path = Pods;
			sourceTree = "<group>";
		};
/* End PBXGroup section */

/* Begin PBXNativeTarget section */
		1A06D58827BA30B100873C51 /* InnocvTestApp */ = {
			isa = PBXNativeTarget;
			buildConfigurationList = 1A06D5A027BA30B500873C51 /* Build configuration list for PBXNativeTarget "InnocvTestApp" */;
			buildPhases = (
				191871ED32A75A9F38E3C3CB /* [CP] Check Pods Manifest.lock */,
				1A06D58527BA30B100873C51 /* Sources */,
				1A06D58627BA30B100873C51 /* Frameworks */,
				1A06D58727BA30B100873C51 /* Resources */,
			);
			buildRules = (
			);
			dependencies = (
			);
			name = InnocvTestApp;
			productName = InnocvTestApp;
			productReference = 1A06D58927BA30B100873C51 /* InnocvTestApp.app */;
			productType = "com.apple.product-type.application";
		};
/* End PBXNativeTarget section */

/* Begin PBXProject section */
		1A06D58127BA30B100873C51 /* Project object */ = {
			isa = PBXProject;
			attributes = {
				BuildIndependentTargetsInParallel = 1;
				LastSwiftUpdateCheck = 1300;
				LastUpgradeCheck = 1300;
				TargetAttributes = {
					1A06D58827BA30B100873C51 = {
						CreatedOnToolsVersion = 13.0;
					};
				};
			};
			buildConfigurationList = 1A06D58427BA30B100873C51 /* Build configuration list for PBXProject "InnocvTestApp" */;
			compatibilityVersion = "Xcode 13.0";
			developmentRegion = en;
			hasScannedForEncodings = 0;
			knownRegions = (
				en,
				Base,
				es,
			);
			mainGroup = 1A06D58027BA30B100873C51;
			productRefGroup = 1A06D58A27BA30B100873C51 /* Products */;
			projectDirPath = "";
			projectRoot = "";
			targets = (
				1A06D58827BA30B100873C51 /* InnocvTestApp */,
			);
		};
/* End PBXProject section */

/* Begin PBXResourcesBuildPhase section */
		1A06D58727BA30B100873C51 /* Resources */ = {
			isa = PBXResourcesBuildPhase;
			buildActionMask = 2147483647;
			files = (
				1A06D59C27BA30B500873C51 /* LaunchScreen.storyboard in Resources */,
				1A06D5B127BA3C5200873C51 /* Localizable.strings in Resources */,
				1A06D59927BA30B500873C51 /* Assets.xcassets in Resources */,
				1A06D5E227BB8E3000873C51 /* Colors.xcassets in Resources */,
				1A06D5A627BA338D00873C51 /* Home.storyboard in Resources */,
				1A06D5DE27BB8B8C00873C51 /* CRUDAlert.xib in Resources */,
			);
			runOnlyForDeploymentPostprocessing = 0;
		};
/* End PBXResourcesBuildPhase section */

/* Begin PBXShellScriptBuildPhase section */
		191871ED32A75A9F38E3C3CB /* [CP] Check Pods Manifest.lock */ = {
			isa = PBXShellScriptBuildPhase;
			buildActionMask = 2147483647;
			files = (
			);
			inputFileListPaths = (
			);
			inputPaths = (
				"${PODS_PODFILE_DIR_PATH}/Podfile.lock",
				"${PODS_ROOT}/Manifest.lock",
			);
			name = "[CP] Check Pods Manifest.lock";
			outputFileListPaths = (
			);
			outputPaths = (
				"$(DERIVED_FILE_DIR)/Pods-InnocvTestApp-checkManifestLockResult.txt",
			);
			runOnlyForDeploymentPostprocessing = 0;
			shellPath = /bin/sh;
			shellScript = "diff \"${PODS_PODFILE_DIR_PATH}/Podfile.lock\" \"${PODS_ROOT}/Manifest.lock\" > /dev/null\nif [ $? != 0 ] ; then\n    # print error to STDERR\n    echo \"error: The sandbox is not in sync with the Podfile.lock. Run 'pod install' or update your CocoaPods installation.\" >&2\n    exit 1\nfi\n# This output is used by Xcode 'outputs' to avoid re-running this script phase.\necho \"SUCCESS\" > \"${SCRIPT_OUTPUT_FILE_0}\"\n";
			showEnvVarsInLog = 0;
		};
/* End PBXShellScriptBuildPhase section */

/* Begin PBXSourcesBuildPhase section */
		1A06D58527BA30B100873C51 /* Sources */ = {
			isa = PBXSourcesBuildPhase;
			buildActionMask = 2147483647;
			files = (
				1A06D5D627BA4F3A00873C51 /* ViewControllers.swift in Sources */,
				1A06D5E627BB8E8A00873C51 /* Colors.swift in Sources */,
				1A06D59727BA30B100873C51 /* InnocvTestApp.xcdatamodeld in Sources */,
				1A06D5E827BB977100873C51 /* UIApplication.swift in Sources */,
				1A06D5CE27BA48D000873C51 /* Date.swift in Sources */,
				1A06D5C927BA44BA00873C51 /* UserResponse.swift in Sources */,
				1A06D5C327BA423200873C51 /* Constants.swift in Sources */,
				1A06D5BF27BA40D100873C51 /* UserProvider.swift in Sources */,
				1A06D58D27BA30B100873C51 /* AppDelegate.swift in Sources */,
				1A06D58F27BA30B100873C51 /* SceneDelegate.swift in Sources */,
				1A06D5D227BA491C00873C51 /* DateFormatter.swift in Sources */,
				1A06D5AD27BA34EF00873C51 /* R.swift in Sources */,
				1A06D5E427BB8E6000873C51 /* UIColor.swift in Sources */,
				1A06D5C127BA41DF00873C51 /* URLs.swift in Sources */,
				1A06D5C627BA439F00873C51 /* UserEntity.swift in Sources */,
				1A06D5B727BA3D2600873C51 /* Strings.swift in Sources */,
				1A06D5BD27BA406200873C51 /* Requests.swift in Sources */,
				1A06D5E027BB8BB700873C51 /* CRUDAlert.swift in Sources */,
				1A06D5EA27BBA20400873C51 /* Keyboards.swift in Sources */,
				1A06D5DA27BA502000873C51 /* UIViewController.swift in Sources */,
				1A06D5BA27BA403A00873C51 /* ApiProvider.swift in Sources */,
				1A06D5CC27BA48AD00873C51 /* String.swift in Sources */,
				1A06D5D827BA4F7D00873C51 /* Storyboards.swift in Sources */,
				1A06D5D027BA48F900873C51 /* Formatter.swift in Sources */,
				1A06D5D427BA4CE700873C51 /* Alerts.swift in Sources */,
				1A06D5A827BA339E00873C51 /* HomeViewController.swift in Sources */,
			);
			runOnlyForDeploymentPostprocessing = 0;
		};
/* End PBXSourcesBuildPhase section */

/* Begin PBXVariantGroup section */
		1A06D59A27BA30B500873C51 /* LaunchScreen.storyboard */ = {
			isa = PBXVariantGroup;
			children = (
				1A06D59B27BA30B500873C51 /* Base */,
			);
			name = LaunchScreen.storyboard;
			sourceTree = "<group>";
		};
		1A06D5B327BA3C5200873C51 /* Localizable.strings */ = {
			isa = PBXVariantGroup;
			children = (
				1A06D5B227BA3C5200873C51 /* en */,
				1A06D5B427BA3C6300873C51 /* es */,
			);
			name = Localizable.strings;
			sourceTree = "<group>";
		};
/* End PBXVariantGroup section */

/* Begin XCBuildConfiguration section */
		1A06D59E27BA30B500873C51 /* Debug */ = {
			isa = XCBuildConfiguration;
			buildSettings = {
				ALWAYS_SEARCH_USER_PATHS = NO;
				CLANG_ANALYZER_LOCALIZABILITY_NONLOCALIZED = YES;
				CLANG_ANALYZER_NONNULL = YES;
				CLANG_ANALYZER_NUMBER_OBJECT_CONVERSION = YES_AGGRESSIVE;
				CLANG_CXX_LANGUAGE_STANDARD = "gnu++17";
				CLANG_CXX_LIBRARY = "libc++";
				CLANG_ENABLE_MODULES = YES;
				CLANG_ENABLE_OBJC_ARC = YES;
				CLANG_ENABLE_OBJC_WEAK = YES;
				CLANG_WARN_BLOCK_CAPTURE_AUTORELEASING = YES;
				CLANG_WARN_BOOL_CONVERSION = YES;
				CLANG_WARN_COMMA = YES;
				CLANG_WARN_CONSTANT_CONVERSION = YES;
				CLANG_WARN_DEPRECATED_OBJC_IMPLEMENTATIONS = YES;
				CLANG_WARN_DIRECT_OBJC_ISA_USAGE = YES_ERROR;
				CLANG_WARN_DOCUMENTATION_COMMENTS = YES;
				CLANG_WARN_EMPTY_BODY = YES;
				CLANG_WARN_ENUM_CONVERSION = YES;
				CLANG_WARN_INFINITE_RECURSION = YES;
				CLANG_WARN_INT_CONVERSION = YES;
				CLANG_WARN_NON_LITERAL_NULL_CONVERSION = YES;
				CLANG_WARN_OBJC_IMPLICIT_RETAIN_SELF = YES;
				CLANG_WARN_OBJC_LITERAL_CONVERSION = YES;
				CLANG_WARN_OBJC_ROOT_CLASS = YES_ERROR;
				CLANG_WARN_QUOTED_INCLUDE_IN_FRAMEWORK_HEADER = YES;
				CLANG_WARN_RANGE_LOOP_ANALYSIS = YES;
				CLANG_WARN_STRICT_PROTOTYPES = YES;
				CLANG_WARN_SUSPICIOUS_MOVE = YES;
				CLANG_WARN_UNGUARDED_AVAILABILITY = YES_AGGRESSIVE;
				CLANG_WARN_UNREACHABLE_CODE = YES;
				CLANG_WARN__DUPLICATE_METHOD_MATCH = YES;
				COPY_PHASE_STRIP = NO;
				DEBUG_INFORMATION_FORMAT = dwarf;
				ENABLE_STRICT_OBJC_MSGSEND = YES;
				ENABLE_TESTABILITY = YES;
				GCC_C_LANGUAGE_STANDARD = gnu11;
				GCC_DYNAMIC_NO_PIC = NO;
				GCC_NO_COMMON_BLOCKS = YES;
				GCC_OPTIMIZATION_LEVEL = 0;
				GCC_PREPROCESSOR_DEFINITIONS = (
					"DEBUG=1",
					"$(inherited)",
				);
				GCC_WARN_64_TO_32_BIT_CONVERSION = YES;
				GCC_WARN_ABOUT_RETURN_TYPE = YES_ERROR;
				GCC_WARN_UNDECLARED_SELECTOR = YES;
				GCC_WARN_UNINITIALIZED_AUTOS = YES_AGGRESSIVE;
				GCC_WARN_UNUSED_FUNCTION = YES;
				GCC_WARN_UNUSED_VARIABLE = YES;
				IPHONEOS_DEPLOYMENT_TARGET = 15.0;
				MTL_ENABLE_DEBUG_INFO = INCLUDE_SOURCE;
				MTL_FAST_MATH = YES;
				ONLY_ACTIVE_ARCH = YES;
				SDKROOT = iphoneos;
				SWIFT_ACTIVE_COMPILATION_CONDITIONS = DEBUG;
				SWIFT_OPTIMIZATION_LEVEL = "-Onone";
			};
			name = Debug;
		};
		1A06D59F27BA30B500873C51 /* Release */ = {
			isa = XCBuildConfiguration;
			buildSettings = {
				ALWAYS_SEARCH_USER_PATHS = NO;
				CLANG_ANALYZER_LOCALIZABILITY_NONLOCALIZED = YES;
				CLANG_ANALYZER_NONNULL = YES;
				CLANG_ANALYZER_NUMBER_OBJECT_CONVERSION = YES_AGGRESSIVE;
				CLANG_CXX_LANGUAGE_STANDARD = "gnu++17";
				CLANG_CXX_LIBRARY = "libc++";
				CLANG_ENABLE_MODULES = YES;
				CLANG_ENABLE_OBJC_ARC = YES;
				CLANG_ENABLE_OBJC_WEAK = YES;
				CLANG_WARN_BLOCK_CAPTURE_AUTORELEASING = YES;
				CLANG_WARN_BOOL_CONVERSION = YES;
				CLANG_WARN_COMMA = YES;
				CLANG_WARN_CONSTANT_CONVERSION = YES;
				CLANG_WARN_DEPRECATED_OBJC_IMPLEMENTATIONS = YES;
				CLANG_WARN_DIRECT_OBJC_ISA_USAGE = YES_ERROR;
				CLANG_WARN_DOCUMENTATION_COMMENTS = YES;
				CLANG_WARN_EMPTY_BODY = YES;
				CLANG_WARN_ENUM_CONVERSION = YES;
				CLANG_WARN_INFINITE_RECURSION = YES;
				CLANG_WARN_INT_CONVERSION = YES;
				CLANG_WARN_NON_LITERAL_NULL_CONVERSION = YES;
				CLANG_WARN_OBJC_IMPLICIT_RETAIN_SELF = YES;
				CLANG_WARN_OBJC_LITERAL_CONVERSION = YES;
				CLANG_WARN_OBJC_ROOT_CLASS = YES_ERROR;
				CLANG_WARN_QUOTED_INCLUDE_IN_FRAMEWORK_HEADER = YES;
				CLANG_WARN_RANGE_LOOP_ANALYSIS = YES;
				CLANG_WARN_STRICT_PROTOTYPES = YES;
				CLANG_WARN_SUSPICIOUS_MOVE = YES;
				CLANG_WARN_UNGUARDED_AVAILABILITY = YES_AGGRESSIVE;
				CLANG_WARN_UNREACHABLE_CODE = YES;
				CLANG_WARN__DUPLICATE_METHOD_MATCH = YES;
				COPY_PHASE_STRIP = NO;
				DEBUG_INFORMATION_FORMAT = "dwarf-with-dsym";
				ENABLE_NS_ASSERTIONS = NO;
				ENABLE_STRICT_OBJC_MSGSEND = YES;
				GCC_C_LANGUAGE_STANDARD = gnu11;
				GCC_NO_COMMON_BLOCKS = YES;
				GCC_WARN_64_TO_32_BIT_CONVERSION = YES;
				GCC_WARN_ABOUT_RETURN_TYPE = YES_ERROR;
				GCC_WARN_UNDECLARED_SELECTOR = YES;
				GCC_WARN_UNINITIALIZED_AUTOS = YES_AGGRESSIVE;
				GCC_WARN_UNUSED_FUNCTION = YES;
				GCC_WARN_UNUSED_VARIABLE = YES;
				IPHONEOS_DEPLOYMENT_TARGET = 15.0;
				MTL_ENABLE_DEBUG_INFO = NO;
				MTL_FAST_MATH = YES;
				SDKROOT = iphoneos;
				SWIFT_COMPILATION_MODE = wholemodule;
				SWIFT_OPTIMIZATION_LEVEL = "-O";
				VALIDATE_PRODUCT = YES;
			};
			name = Release;
		};
		1A06D5A127BA30B500873C51 /* Debug */ = {
			isa = XCBuildConfiguration;
			baseConfigurationReference = FAE23832999F46FC0BBDC641 /* Pods-InnocvTestApp.debug.xcconfig */;
			buildSettings = {
				ASSETCATALOG_COMPILER_APPICON_NAME = AppIcon;
				ASSETCATALOG_COMPILER_GLOBAL_ACCENT_COLOR_NAME = AccentColor;
				CODE_SIGN_STYLE = Automatic;
				CURRENT_PROJECT_VERSION = 1;
				DEVELOPMENT_TEAM = D8T76T536P;
				GENERATE_INFOPLIST_FILE = YES;
				INFOPLIST_FILE = InnocvTestApp/Info.plist;
				INFOPLIST_KEY_UIApplicationSupportsIndirectInputEvents = YES;
				INFOPLIST_KEY_UILaunchStoryboardName = LaunchScreen;
				INFOPLIST_KEY_UIMainStoryboardFile = Home;
				INFOPLIST_KEY_UIRequiresFullScreen = YES;
				INFOPLIST_KEY_UIStatusBarHidden = YES;
				INFOPLIST_KEY_UISupportedInterfaceOrientations = UIInterfaceOrientationPortrait;
				INFOPLIST_KEY_UISupportedInterfaceOrientations_iPad = "UIInterfaceOrientationPortrait UIInterfaceOrientationPortraitUpsideDown UIInterfaceOrientationLandscapeLeft UIInterfaceOrientationLandscapeRight";
				INFOPLIST_KEY_UISupportedInterfaceOrientations_iPhone = "UIInterfaceOrientationPortrait UIInterfaceOrientationLandscapeLeft UIInterfaceOrientationLandscapeRight";
				LD_RUNPATH_SEARCH_PATHS = (
					"$(inherited)",
					"@executable_path/Frameworks",
				);
				MARKETING_VERSION = 1.0;
				PRODUCT_BUNDLE_IDENTIFIER = com.pabloliborra.innocvtest;
				PRODUCT_NAME = "$(TARGET_NAME)";
				SWIFT_EMIT_LOC_STRINGS = YES;
				SWIFT_VERSION = 5.0;
				TARGETED_DEVICE_FAMILY = "1,2";
			};
			name = Debug;
		};
		1A06D5A227BA30B500873C51 /* Release */ = {
			isa = XCBuildConfiguration;
			baseConfigurationReference = 440BB5346B9A0CC4B00E3891 /* Pods-InnocvTestApp.release.xcconfig */;
			buildSettings = {
				ASSETCATALOG_COMPILER_APPICON_NAME = AppIcon;
				ASSETCATALOG_COMPILER_GLOBAL_ACCENT_COLOR_NAME = AccentColor;
				CODE_SIGN_STYLE = Automatic;
				CURRENT_PROJECT_VERSION = 1;
				DEVELOPMENT_TEAM = D8T76T536P;
				GENERATE_INFOPLIST_FILE = YES;
				INFOPLIST_FILE = InnocvTestApp/Info.plist;
				INFOPLIST_KEY_UIApplicationSupportsIndirectInputEvents = YES;
				INFOPLIST_KEY_UILaunchStoryboardName = LaunchScreen;
				INFOPLIST_KEY_UIMainStoryboardFile = Home;
				INFOPLIST_KEY_UIRequiresFullScreen = YES;
				INFOPLIST_KEY_UIStatusBarHidden = YES;
				INFOPLIST_KEY_UISupportedInterfaceOrientations = UIInterfaceOrientationPortrait;
				INFOPLIST_KEY_UISupportedInterfaceOrientations_iPad = "UIInterfaceOrientationPortrait UIInterfaceOrientationPortraitUpsideDown UIInterfaceOrientationLandscapeLeft UIInterfaceOrientationLandscapeRight";
				INFOPLIST_KEY_UISupportedInterfaceOrientations_iPhone = "UIInterfaceOrientationPortrait UIInterfaceOrientationLandscapeLeft UIInterfaceOrientationLandscapeRight";
				LD_RUNPATH_SEARCH_PATHS = (
					"$(inherited)",
					"@executable_path/Frameworks",
				);
				MARKETING_VERSION = 1.0;
				PRODUCT_BUNDLE_IDENTIFIER = com.pabloliborra.innocvtest;
				PRODUCT_NAME = "$(TARGET_NAME)";
				SWIFT_EMIT_LOC_STRINGS = YES;
				SWIFT_VERSION = 5.0;
				TARGETED_DEVICE_FAMILY = "1,2";
			};
			name = Release;
		};
/* End XCBuildConfiguration section */

/* Begin XCConfigurationList section */
		1A06D58427BA30B100873C51 /* Build configuration list for PBXProject "InnocvTestApp" */ = {
			isa = XCConfigurationList;
			buildConfigurations = (
				1A06D59E27BA30B500873C51 /* Debug */,
				1A06D59F27BA30B500873C51 /* Release */,
			);
			defaultConfigurationIsVisible = 0;
			defaultConfigurationName = Release;
		};
		1A06D5A027BA30B500873C51 /* Build configuration list for PBXNativeTarget "InnocvTestApp" */ = {
			isa = XCConfigurationList;
			buildConfigurations = (
				1A06D5A127BA30B500873C51 /* Debug */,
				1A06D5A227BA30B500873C51 /* Release */,
			);
			defaultConfigurationIsVisible = 0;
			defaultConfigurationName = Release;
		};
/* End XCConfigurationList section */

/* Begin XCVersionGroup section */
		1A06D59527BA30B100873C51 /* InnocvTestApp.xcdatamodeld */ = {
			isa = XCVersionGroup;
			children = (
				1A06D59627BA30B100873C51 /* InnocvTestApp.xcdatamodel */,
			);
			currentVersion = 1A06D59627BA30B100873C51 /* InnocvTestApp.xcdatamodel */;
			path = InnocvTestApp.xcdatamodeld;
			sourceTree = "<group>";
			versionGroupType = wrapper.xcdatamodel;
		};
/* End XCVersionGroup section */
	};
	rootObject = 1A06D58127BA30B100873C51 /* Project object */;
}
